
Microsoft Visual Studio Solution File, Format Version 12.00
# Visual Studio Version 16
VisualStudioVersion = 16.0.32002.261
MinimumVisualStudioVersion = 10.0.40219.1
Project("{FAE04EC0-301F-11D3-BF4B-00C04F79EFBC}") = "Exercise2", "Exercise2\Exercise2.csproj", "{89154DDD-E066-4E10-A9F1-3FE494331D85}"
EndProject
Global
	GlobalSection(SolutionConfigurationPlatforms) = preSolution
		Debug|Any CPU = Debug|Any CPU
		Release|Any CPU = Release|Any CPU
	EndGlobalSection
	GlobalSection(ProjectConfigurationPlatforms) = postSolution
		{89154DDD-E066-4E10-A9F1-3FE494331D85}.Debug|Any CPU.ActiveCfg = Debug|Any CPU
		{89154DDD-E066-4E10-A9F1-3FE494331D85}.Debug|Any CPU.Build.0 = Debug|Any CPU
		{89154DDD-E066-4E10-A9F1-3FE494331D85}.Release|Any CPU.ActiveCfg = Release|Any CPU
		{89154DDD-E066-4E10-A9F1-3FE494331D85}.Release|Any CPU.Build.0 = Release|Any CPU
	EndGlobalSection
	GlobalSection(SolutionProperties) = preSolution
		HideSolutionNode = FALSE
	EndGlobalSection
	GlobalSection(ExtensibilityGlobals) = postSolution
		SolutionGuid = {5BCC2479-0A11-4A44-9FC6-067F7C4AD176}
	EndGlobalSection
EndGlobal
